// !$*UTF8*$!
{
	archiveVersion = 1;
	classes = {
	};
	objectVersion = 56;
	objects = {

/* Begin PBXBuildFile section */
		B02A132F29710D5800AA0778 /* HomeViewController.swift in Sources */ = {isa = PBXBuildFile; fileRef = B02A132E29710D5800AA0778 /* HomeViewController.swift */; };
		B02A133129710D8600AA0778 /* ProfileViewController.swift in Sources */ = {isa = PBXBuildFile; fileRef = B02A133029710D8600AA0778 /* ProfileViewController.swift */; };
		B02A133329710D9200AA0778 /* NotificationViewController.swift in Sources */ = {isa = PBXBuildFile; fileRef = B02A133229710D9200AA0778 /* NotificationViewController.swift */; };
		B02A133529710DA700AA0778 /* SearchViewController.swift in Sources */ = {isa = PBXBuildFile; fileRef = B02A133429710DA700AA0778 /* SearchViewController.swift */; };
		B02A133729710E1D00AA0778 /* MyOrdersViewController.swift in Sources */ = {isa = PBXBuildFile; fileRef = B02A133629710E1D00AA0778 /* MyOrdersViewController.swift */; };
		B06D7DEB2971091C000D6A31 /* AppDelegate.swift in Sources */ = {isa = PBXBuildFile; fileRef = B06D7DEA2971091C000D6A31 /* AppDelegate.swift */; };
		B06D7DED2971091C000D6A31 /* SceneDelegate.swift in Sources */ = {isa = PBXBuildFile; fileRef = B06D7DEC2971091C000D6A31 /* SceneDelegate.swift */; };
		B06D7DEF2971091C000D6A31 /* ViewController.swift in Sources */ = {isa = PBXBuildFile; fileRef = B06D7DEE2971091C000D6A31 /* ViewController.swift */; };
		B06D7DF22971091C000D6A31 /* Main.storyboard in Resources */ = {isa = PBXBuildFile; fileRef = B06D7DF02971091C000D6A31 /* Main.storyboard */; };
		B06D7DF42971091D000D6A31 /* Assets.xcassets in Resources */ = {isa = PBXBuildFile; fileRef = B06D7DF32971091D000D6A31 /* Assets.xcassets */; };
		B06D7DF72971091D000D6A31 /* LaunchScreen.storyboard in Resources */ = {isa = PBXBuildFile; fileRef = B06D7DF52971091D000D6A31 /* LaunchScreen.storyboard */; };
		B06D7E022971091D000D6A31 /* TabBarTests.swift in Sources */ = {isa = PBXBuildFile; fileRef = B06D7E012971091D000D6A31 /* TabBarTests.swift */; };
		B06D7E0C2971091D000D6A31 /* TabBarUITests.swift in Sources */ = {isa = PBXBuildFile; fileRef = B06D7E0B2971091D000D6A31 /* TabBarUITests.swift */; };
		B06D7E0E2971091D000D6A31 /* TabBarUITestsLaunchTests.swift in Sources */ = {isa = PBXBuildFile; fileRef = B06D7E0D2971091D000D6A31 /* TabBarUITestsLaunchTests.swift */; };
/* End PBXBuildFile section */

/* Begin PBXContainerItemProxy section */
		B06D7DFE2971091D000D6A31 /* PBXContainerItemProxy */ = {
			isa = PBXContainerItemProxy;
			containerPortal = B06D7DDF2971091C000D6A31 /* Project object */;
			proxyType = 1;
			remoteGlobalIDString = B06D7DE62971091C000D6A31;
			remoteInfo = TabBar;
		};
		B06D7E082971091D000D6A31 /* PBXContainerItemProxy */ = {
			isa = PBXContainerItemProxy;
			containerPortal = B06D7DDF2971091C000D6A31 /* Project object */;
			proxyType = 1;
			remoteGlobalIDString = B06D7DE62971091C000D6A31;
			remoteInfo = TabBar;
		};
/* End PBXContainerItemProxy section */

/* Begin PBXFileReference section */
		B02A132E29710D5800AA0778 /* HomeViewController.swift */ = {isa = PBXFileReference; lastKnownFileType = sourcecode.swift; path = HomeViewController.swift; sourceTree = "<group>"; };
		B02A133029710D8600AA0778 /* ProfileViewController.swift */ = {isa = PBXFileReference; lastKnownFileType = sourcecode.swift; path = ProfileViewController.swift; sourceTree = "<group>"; };
		B02A133229710D9200AA0778 /* NotificationViewController.swift */ = {isa = PBXFileReference; lastKnownFileType = sourcecode.swift; path = NotificationViewController.swift; sourceTree = "<group>"; };
		B02A133429710DA700AA0778 /* SearchViewController.swift */ = {isa = PBXFileReference; lastKnownFileType = sourcecode.swift; path = SearchViewController.swift; sourceTree = "<group>"; };
		B02A133629710E1D00AA0778 /* MyOrdersViewController.swift */ = {isa = PBXFileReference; lastKnownFileType = sourcecode.swift; path = MyOrdersViewController.swift; sourceTree = "<group>"; };
		B06D7DE72971091C000D6A31 /* TabBar.app */ = {isa = PBXFileReference; explicitFileType = wrapper.application; includeInIndex = 0; path = TabBar.app; sourceTree = BUILT_PRODUCTS_DIR; };
		B06D7DEA2971091C000D6A31 /* AppDelegate.swift */ = {isa = PBXFileReference; lastKnownFileType = sourcecode.swift; path = AppDelegate.swift; sourceTree = "<group>"; };
		B06D7DEC2971091C000D6A31 /* SceneDelegate.swift */ = {isa = PBXFileReference; lastKnownFileType = sourcecode.swift; path = SceneDelegate.swift; sourceTree = "<group>"; };
		B06D7DEE2971091C000D6A31 /* ViewController.swift */ = {isa = PBXFileReference; lastKnownFileType = sourcecode.swift; path = ViewController.swift; sourceTree = "<group>"; };
		B06D7DF12971091C000D6A31 /* Base */ = {isa = PBXFileReference; lastKnownFileType = file.storyboard; name = Base; path = Base.lproj/Main.storyboard; sourceTree = "<group>"; };
		B06D7DF32971091D000D6A31 /* Assets.xcassets */ = {isa = PBXFileReference; lastKnownFileType = folder.assetcatalog; path = Assets.xcassets; sourceTree = "<group>"; };
		B06D7DF62971091D000D6A31 /* Base */ = {isa = PBXFileReference; lastKnownFileType = file.storyboard; name = Base; path = Base.lproj/LaunchScreen.storyboard; sourceTree = "<group>"; };
		B06D7DF82971091D000D6A31 /* Info.plist */ = {isa = PBXFileReference; lastKnownFileType = text.plist.xml; path = Info.plist; sourceTree = "<group>"; };
		B06D7DFD2971091D000D6A31 /* TabBarTests.xctest */ = {isa = PBXFileReference; explicitFileType = wrapper.cfbundle; includeInIndex = 0; path = TabBarTests.xctest; sourceTree = BUILT_PRODUCTS_DIR; };
		B06D7E012971091D000D6A31 /* TabBarTests.swift */ = {isa = PBXFileReference; lastKnownFileType = sourcecode.swift; path = TabBarTests.swift; sourceTree = "<group>"; };
		B06D7E072971091D000D6A31 /* TabBarUITests.xctest */ = {isa = PBXFileReference; explicitFileType = wrapper.cfbundle; includeInIndex = 0; path = TabBarUITests.xctest; sourceTree = BUILT_PRODUCTS_DIR; };
		B06D7E0B2971091D000D6A31 /* TabBarUITests.swift */ = {isa = PBXFileReference; lastKnownFileType = sourcecode.swift; path = TabBarUITests.swift; sourceTree = "<group>"; };
		B06D7E0D2971091D000D6A31 /* TabBarUITestsLaunchTests.swift */ = {isa = PBXFileReference; lastKnownFileType = sourcecode.swift; path = TabBarUITestsLaunchTests.swift; sourceTree = "<group>"; };
/* End PBXFileReference section */

/* Begin PBXFrameworksBuildPhase section */
		B06D7DE42971091C000D6A31 /* Frameworks */ = {
			isa = PBXFrameworksBuildPhase;
			buildActionMask = 2147483647;
			files = (
			);
			runOnlyForDeploymentPostprocessing = 0;
		};
		B06D7DFA2971091D000D6A31 /* Frameworks */ = {
			isa = PBXFrameworksBuildPhase;
			buildActionMask = 2147483647;
			files = (
			);
			runOnlyForDeploymentPostprocessing = 0;
		};
		B06D7E042971091D000D6A31 /* Frameworks */ = {
			isa = PBXFrameworksBuildPhase;
			buildActionMask = 2147483647;
			files = (
			);
			runOnlyForDeploymentPostprocessing = 0;
		};
/* End PBXFrameworksBuildPhase section */

/* Begin PBXGroup section */
		B02A133829710E2900AA0778 /* Controller */ = {
			isa = PBXGroup;
			children = (
				B02A133929710E5700AA0778 /* TabBarViewController */,
			);
			path = Controller;
			sourceTree = "<group>";
		};
		B02A133929710E5700AA0778 /* TabBarViewController */ = {
			isa = PBXGroup;
			children = (
				B02A132E29710D5800AA0778 /* HomeViewController.swift */,
				B02A133629710E1D00AA0778 /* MyOrdersViewController.swift */,
				B02A133429710DA700AA0778 /* SearchViewController.swift */,
				B02A133229710D9200AA0778 /* NotificationViewController.swift */,
				B02A133029710D8600AA0778 /* ProfileViewController.swift */,
			);
			path = TabBarViewController;
			sourceTree = "<group>";
		};
		B06D7DDE2971091C000D6A31 = {
			isa = PBXGroup;
			children = (
				B06D7DE92971091C000D6A31 /* TabBar */,
				B06D7E002971091D000D6A31 /* TabBarTests */,
				B06D7E0A2971091D000D6A31 /* TabBarUITests */,
				B06D7DE82971091C000D6A31 /* Products */,
			);
			sourceTree = "<group>";
		};
		B06D7DE82971091C000D6A31 /* Products */ = {
			isa = PBXGroup;
			children = (
				B06D7DE72971091C000D6A31 /* TabBar.app */,
				B06D7DFD2971091D000D6A31 /* TabBarTests.xctest */,
				B06D7E072971091D000D6A31 /* TabBarUITests.xctest */,
			);
			name = Products;
			sourceTree = "<group>";
		};
		B06D7DE92971091C000D6A31 /* TabBar */ = {
			isa = PBXGroup;
			children = (
				B06D7DEA2971091C000D6A31 /* AppDelegate.swift */,
				B06D7DEC2971091C000D6A31 /* SceneDelegate.swift */,
				B06D7DEE2971091C000D6A31 /* ViewController.swift */,
				B02A133829710E2900AA0778 /* Controller */,
				B06D7DF02971091C000D6A31 /* Main.storyboard */,
				B06D7DF32971091D000D6A31 /* Assets.xcassets */,
				B06D7DF52971091D000D6A31 /* LaunchScreen.storyboard */,
				B06D7DF82971091D000D6A31 /* Info.plist */,
			);
			path = TabBar;
			sourceTree = "<group>";
		};
		B06D7E002971091D000D6A31 /* TabBarTests */ = {
			isa = PBXGroup;
			children = (
				B06D7E012971091D000D6A31 /* TabBarTests.swift */,
			);
			path = TabBarTests;
			sourceTree = "<group>";
		};
		B06D7E0A2971091D000D6A31 /* TabBarUITests */ = {
			isa = PBXGroup;
			children = (
				B06D7E0B2971091D000D6A31 /* TabBarUITests.swift */,
				B06D7E0D2971091D000D6A31 /* TabBarUITestsLaunchTests.swift */,
			);
			path = TabBarUITests;
			sourceTree = "<group>";
		};
/* End PBXGroup section */

/* Begin PBXNativeTarget section */
		B06D7DE62971091C000D6A31 /* TabBar */ = {
			isa = PBXNativeTarget;
			buildConfigurationList = B06D7E112971091D000D6A31 /* Build configuration list for PBXNativeTarget "TabBar" */;
			buildPhases = (
				B06D7DE32971091C000D6A31 /* Sources */,
				B06D7DE42971091C000D6A31 /* Frameworks */,
				B06D7DE52971091C000D6A31 /* Resources */,
			);
			buildRules = (
			);
			dependencies = (
			);
			name = TabBar;
			productName = TabBar;
			productReference = B06D7DE72971091C000D6A31 /* TabBar.app */;
			productType = "com.apple.product-type.application";
		};
		B06D7DFC2971091D000D6A31 /* TabBarTests */ = {
			isa = PBXNativeTarget;
			buildConfigurationList = B06D7E142971091D000D6A31 /* Build configuration list for PBXNativeTarget "TabBarTests" */;
			buildPhases = (
				B06D7DF92971091D000D6A31 /* Sources */,
				B06D7DFA2971091D000D6A31 /* Frameworks */,
				B06D7DFB2971091D000D6A31 /* Resources */,
			);
			buildRules = (
			);
			dependencies = (
				B06D7DFF2971091D000D6A31 /* PBXTargetDependency */,
			);
			name = TabBarTests;
			productName = TabBarTests;
			productReference = B06D7DFD2971091D000D6A31 /* TabBarTests.xctest */;
			productType = "com.apple.product-type.bundle.unit-test";
		};
		B06D7E062971091D000D6A31 /* TabBarUITests */ = {
			isa = PBXNativeTarget;
			buildConfigurationList = B06D7E172971091D000D6A31 /* Build configuration list for PBXNativeTarget "TabBarUITests" */;
			buildPhases = (
				B06D7E032971091D000D6A31 /* Sources */,
				B06D7E042971091D000D6A31 /* Frameworks */,
				B06D7E052971091D000D6A31 /* Resources */,
			);
			buildRules = (
			);
			dependencies = (
				B06D7E092971091D000D6A31 /* PBXTargetDependency */,
			);
			name = TabBarUITests;
			productName = TabBarUITests;
			productReference = B06D7E072971091D000D6A31 /* TabBarUITests.xctest */;
			productType = "com.apple.product-type.bundle.ui-testing";
		};
/* End PBXNativeTarget section */

/* Begin PBXProject section */
		B06D7DDF2971091C000D6A31 /* Project object */ = {
			isa = PBXProject;
			attributes = {
				BuildIndependentTargetsInParallel = 1;
				LastSwiftUpdateCheck = 1420;
				LastUpgradeCheck = 1420;
				TargetAttributes = {
					B06D7DE62971091C000D6A31 = {
						CreatedOnToolsVersion = 14.2;
					};
					B06D7DFC2971091D000D6A31 = {
						CreatedOnToolsVersion = 14.2;
						TestTargetID = B06D7DE62971091C000D6A31;
					};
					B06D7E062971091D000D6A31 = {
						CreatedOnToolsVersion = 14.2;
						TestTargetID = B06D7DE62971091C000D6A31;
					};
				};
			};
			buildConfigurationList = B06D7DE22971091C000D6A31 /* Build configuration list for PBXProject "TabBar" */;
			compatibilityVersion = "Xcode 14.0";
			developmentRegion = en;
			hasScannedForEncodings = 0;
			knownRegions = (
				en,
				Base,
			);
			mainGroup = B06D7DDE2971091C000D6A31;
			productRefGroup = B06D7DE82971091C000D6A31 /* Products */;
			projectDirPath = "";
			projectRoot = "";
			targets = (
				B06D7DE62971091C000D6A31 /* TabBar */,
				B06D7DFC2971091D000D6A31 /* TabBarTests */,
				B06D7E062971091D000D6A31 /* TabBarUITests */,
			);
		};
/* End PBXProject section */

/* Begin PBXResourcesBuildPhase section */
		B06D7DE52971091C000D6A31 /* Resources */ = {
			isa = PBXResourcesBuildPhase;
			buildActionMask = 2147483647;
			files = (
				B06D7DF72971091D000D6A31 /* LaunchScreen.storyboard in Resources */,
				B06D7DF42971091D000D6A31 /* Assets.xcassets in Resources */,
				B06D7DF22971091C000D6A31 /* Main.storyboard in Resources */,
			);
			runOnlyForDeploymentPostprocessing = 0;
		};
		B06D7DFB2971091D000D6A31 /* Resources */ = {
			isa = PBXResourcesBuildPhase;
			buildActionMask = 2147483647;
			files = (
			);
			runOnlyForDeploymentPostprocessing = 0;
		};
		B06D7E052971091D000D6A31 /* Resources */ = {
			isa = PBXResourcesBuildPhase;
			buildActionMask = 2147483647;
			files = (
			);
			runOnlyForDeploymentPostprocessing = 0;
		};
/* End PBXResourcesBuildPhase section */

/* Begin PBXSourcesBuildPhase section */
		B06D7DE32971091C000D6A31 /* Sources */ = {
			isa = PBXSourcesBuildPhase;
			buildActionMask = 2147483647;
			files = (
				B06D7DEF2971091C000D6A31 /* ViewController.swift in Sources */,
				B02A133529710DA700AA0778 /* SearchViewController.swift in Sources */,
				B06D7DEB2971091C000D6A31 /* AppDelegate.swift in Sources */,
				B02A133729710E1D00AA0778 /* MyOrdersViewController.swift in Sources */,
				B02A133329710D9200AA0778 /* NotificationViewController.swift in Sources */,
				B02A133129710D8600AA0778 /* ProfileViewController.swift in Sources */,
				B06D7DED2971091C000D6A31 /* SceneDelegate.swift in Sources */,
				B02A132F29710D5800AA0778 /* HomeViewController.swift in Sources */,
			);
			runOnlyForDeploymentPostprocessing = 0;
		};
		B06D7DF92971091D000D6A31 /* Sources */ = {
			isa = PBXSourcesBuildPhase;
			buildActionMask = 2147483647;
			files = (
				B06D7E022971091D000D6A31 /* TabBarTests.swift in Sources */,
			);
			runOnlyForDeploymentPostprocessing = 0;
		};
		B06D7E032971091D000D6A31 /* Sources */ = {
			isa = PBXSourcesBuildPhase;
			buildActionMask = 2147483647;
			files = (
				B06D7E0E2971091D000D6A31 /* TabBarUITestsLaunchTests.swift in Sources */,
				B06D7E0C2971091D000D6A31 /* TabBarUITests.swift in Sources */,
			);
			runOnlyForDeploymentPostprocessing = 0;
		};
/* End PBXSourcesBuildPhase section */

/* Begin PBXTargetDependency section */
		B06D7DFF2971091D000D6A31 /* PBXTargetDependency */ = {
			isa = PBXTargetDependency;
			target = B06D7DE62971091C000D6A31 /* TabBar */;
			targetProxy = B06D7DFE2971091D000D6A31 /* PBXContainerItemProxy */;
		};
		B06D7E092971091D000D6A31 /* PBXTargetDependency */ = {
			isa = PBXTargetDependency;
			target = B06D7DE62971091C000D6A31 /* TabBar */;
			targetProxy = B06D7E082971091D000D6A31 /* PBXContainerItemProxy */;
		};
/* End PBXTargetDependency section */

/* Begin PBXVariantGroup section */
		B06D7DF02971091C000D6A31 /* Main.storyboard */ = {
			isa = PBXVariantGroup;
			children = (
				B06D7DF12971091C000D6A31 /* Base */,
			);
			name = Main.storyboard;
			sourceTree = "<group>";
		};
		B06D7DF52971091D000D6A31 /* LaunchScreen.storyboard */ = {
			isa = PBXVariantGroup;
			children = (
				B06D7DF62971091D000D6A31 /* Base */,
			);
			name = LaunchScreen.storyboard;
			sourceTree = "<group>";
		};
/* End PBXVariantGroup section */

/* Begin XCBuildConfiguration section */
		B06D7E0F2971091D000D6A31 /* Debug */ = {
			isa = XCBuildConfiguration;
			buildSettings = {
				ALWAYS_SEARCH_USER_PATHS = NO;
				CLANG_ANALYZER_NONNULL = YES;
				CLANG_ANALYZER_NUMBER_OBJECT_CONVERSION = YES_AGGRESSIVE;
				CLANG_CXX_LANGUAGE_STANDARD = "gnu++20";
				CLANG_ENABLE_MODULES = YES;
				CLANG_ENABLE_OBJC_ARC = YES;
				CLANG_ENABLE_OBJC_WEAK = YES;
				CLANG_WARN_BLOCK_CAPTURE_AUTORELEASING = YES;
				CLANG_WARN_BOOL_CONVERSION = YES;
				CLANG_WARN_COMMA = YES;
				CLANG_WARN_CONSTANT_CONVERSION = YES;
				CLANG_WARN_DEPRECATED_OBJC_IMPLEMENTATIONS = YES;
				CLANG_WARN_DIRECT_OBJC_ISA_USAGE = YES_ERROR;
				CLANG_WARN_DOCUMENTATION_COMMENTS = YES;
				CLANG_WARN_EMPTY_BODY = YES;
				CLANG_WARN_ENUM_CONVERSION = YES;
				CLANG_WARN_INFINITE_RECURSION = YES;
				CLANG_WARN_INT_CONVERSION = YES;
				CLANG_WARN_NON_LITERAL_NULL_CONVERSION = YES;
				CLANG_WARN_OBJC_IMPLICIT_RETAIN_SELF = YES;
				CLANG_WARN_OBJC_LITERAL_CONVERSION = YES;
				CLANG_WARN_OBJC_ROOT_CLASS = YES_ERROR;
				CLANG_WARN_QUOTED_INCLUDE_IN_FRAMEWORK_HEADER = YES;
				CLANG_WARN_RANGE_LOOP_ANALYSIS = YES;
				CLANG_WARN_STRICT_PROTOTYPES = YES;
				CLANG_WARN_SUSPICIOUS_MOVE = YES;
				CLANG_WARN_UNGUARDED_AVAILABILITY = YES_AGGRESSIVE;
				CLANG_WARN_UNREACHABLE_CODE = YES;
				CLANG_WARN__DUPLICATE_METHOD_MATCH = YES;
				COPY_PHASE_STRIP = NO;
				DEBUG_INFORMATION_FORMAT = dwarf;
				ENABLE_STRICT_OBJC_MSGSEND = YES;
				ENABLE_TESTABILITY = YES;
				GCC_C_LANGUAGE_STANDARD = gnu11;
				GCC_DYNAMIC_NO_PIC = NO;
				GCC_NO_COMMON_BLOCKS = YES;
				GCC_OPTIMIZATION_LEVEL = 0;
				GCC_PREPROCESSOR_DEFINITIONS = (
					"DEBUG=1",
					"$(inherited)",
				);
				GCC_WARN_64_TO_32_BIT_CONVERSION = YES;
				GCC_WARN_ABOUT_RETURN_TYPE = YES_ERROR;
				GCC_WARN_UNDECLARED_SELECTOR = YES;
				GCC_WARN_UNINITIALIZED_AUTOS = YES_AGGRESSIVE;
				GCC_WARN_UNUSED_FUNCTION = YES;
				GCC_WARN_UNUSED_VARIABLE = YES;
				IPHONEOS_DEPLOYMENT_TARGET = 16.2;
				MTL_ENABLE_DEBUG_INFO = INCLUDE_SOURCE;
				MTL_FAST_MATH = YES;
				ONLY_ACTIVE_ARCH = YES;
				SDKROOT = iphoneos;
				SWIFT_ACTIVE_COMPILATION_CONDITIONS = DEBUG;
				SWIFT_OPTIMIZATION_LEVEL = "-Onone";
			};
			name = Debug;
		};
		B06D7E102971091D000D6A31 /* Release */ = {
			isa = XCBuildConfiguration;
			buildSettings = {
				ALWAYS_SEARCH_USER_PATHS = NO;
				CLANG_ANALYZER_NONNULL = YES;
				CLANG_ANALYZER_NUMBER_OBJECT_CONVERSION = YES_AGGRESSIVE;
				CLANG_CXX_LANGUAGE_STANDARD = "gnu++20";
				CLANG_ENABLE_MODULES = YES;
				CLANG_ENABLE_OBJC_ARC = YES;
				CLANG_ENABLE_OBJC_WEAK = YES;
				CLANG_WARN_BLOCK_CAPTURE_AUTORELEASING = YES;
				CLANG_WARN_BOOL_CONVERSION = YES;
				CLANG_WARN_COMMA = YES;
				CLANG_WARN_CONSTANT_CONVERSION = YES;
				CLANG_WARN_DEPRECATED_OBJC_IMPLEMENTATIONS = YES;
				CLANG_WARN_DIRECT_OBJC_ISA_USAGE = YES_ERROR;
				CLANG_WARN_DOCUMENTATION_COMMENTS = YES;
				CLANG_WARN_EMPTY_BODY = YES;
				CLANG_WARN_ENUM_CONVERSION = YES;
				CLANG_WARN_INFINITE_RECURSION = YES;
				CLANG_WARN_INT_CONVERSION = YES;
				CLANG_WARN_NON_LITERAL_NULL_CONVERSION = YES;
				CLANG_WARN_OBJC_IMPLICIT_RETAIN_SELF = YES;
				CLANG_WARN_OBJC_LITERAL_CONVERSION = YES;
				CLANG_WARN_OBJC_ROOT_CLASS = YES_ERROR;
				CLANG_WARN_QUOTED_INCLUDE_IN_FRAMEWORK_HEADER = YES;
				CLANG_WARN_RANGE_LOOP_ANALYSIS = YES;
				CLANG_WARN_STRICT_PROTOTYPES = YES;
				CLANG_WARN_SUSPICIOUS_MOVE = YES;
				CLANG_WARN_UNGUARDED_AVAILABILITY = YES_AGGRESSIVE;
				CLANG_WARN_UNREACHABLE_CODE = YES;
				CLANG_WARN__DUPLICATE_METHOD_MATCH = YES;
				COPY_PHASE_STRIP = NO;
				DEBUG_INFORMATION_FORMAT = "dwarf-with-dsym";
				ENABLE_NS_ASSERTIONS = NO;
				ENABLE_STRICT_OBJC_MSGSEND = YES;
				GCC_C_LANGUAGE_STANDARD = gnu11;
				GCC_NO_COMMON_BLOCKS = YES;
				GCC_WARN_64_TO_32_BIT_CONVERSION = YES;
				GCC_WARN_ABOUT_RETURN_TYPE = YES_ERROR;
				GCC_WARN_UNDECLARED_SELECTOR = YES;
				GCC_WARN_UNINITIALIZED_AUTOS = YES_AGGRESSIVE;
				GCC_WARN_UNUSED_FUNCTION = YES;
				GCC_WARN_UNUSED_VARIABLE = YES;
				IPHONEOS_DEPLOYMENT_TARGET = 16.2;
				MTL_ENABLE_DEBUG_INFO = NO;
				MTL_FAST_MATH = YES;
				SDKROOT = iphoneos;
				SWIFT_COMPILATION_MODE = wholemodule;
				SWIFT_OPTIMIZATION_LEVEL = "-O";
				VALIDATE_PRODUCT = YES;
			};
			name = Release;
		};
		B06D7E122971091D000D6A31 /* Debug */ = {
			isa = XCBuildConfiguration;
			buildSettings = {
				ASSETCATALOG_COMPILER_APPICON_NAME = AppIcon;
				ASSETCATALOG_COMPILER_GLOBAL_ACCENT_COLOR_NAME = AccentColor;
				CODE_SIGN_STYLE = Automatic;
				CURRENT_PROJECT_VERSION = 1;
				GENERATE_INFOPLIST_FILE = YES;
				INFOPLIST_FILE = TabBar/Info.plist;
				INFOPLIST_KEY_UIApplicationSupportsIndirectInputEvents = YES;
				INFOPLIST_KEY_UILaunchStoryboardName = LaunchScreen;
				INFOPLIST_KEY_UIMainStoryboardFile = Main;
				INFOPLIST_KEY_UISupportedInterfaceOrientations_iPad = "UIInterfaceOrientationPortrait UIInterfaceOrientationPortraitUpsideDown UIInterfaceOrientationLandscapeLeft UIInterfaceOrientationLandscapeRight";
				INFOPLIST_KEY_UISupportedInterfaceOrientations_iPhone = "UIInterfaceOrientationPortrait UIInterfaceOrientationLandscapeLeft UIInterfaceOrientationLandscapeRight";
				LD_RUNPATH_SEARCH_PATHS = (
					"$(inherited)",
					"@executable_path/Frameworks",
				);
				MARKETING_VERSION = 1.0;
				PRODUCT_BUNDLE_IDENTIFIER = com.rnw.TabBar;
				PRODUCT_NAME = "$(TARGET_NAME)";
				SWIFT_EMIT_LOC_STRINGS = YES;
				SWIFT_VERSION = 5.0;
				TARGETED_DEVICE_FAMILY = "1,2";
			};
			name = Debug;
		};
		B06D7E132971091D000D6A31 /* Release */ = {
			isa = XCBuildConfiguration;
			buildSettings = {
				ASSETCATALOG_COMPILER_APPICON_NAME = AppIcon;
				ASSETCATALOG_COMPILER_GLOBAL_ACCENT_COLOR_NAME = AccentColor;
				CODE_SIGN_STYLE = Automatic;
				CURRENT_PROJECT_VERSION = 1;
				GENERATE_INFOPLIST_FILE = YES;
				INFOPLIST_FILE = TabBar/Info.plist;
				INFOPLIST_KEY_UIApplicationSupportsIndirectInputEvents = YES;
				INFOPLIST_KEY_UILaunchStoryboardName = LaunchScreen;
				INFOPLIST_KEY_UIMainStoryboardFile = Main;
				INFOPLIST_KEY_UISupportedInterfaceOrientations_iPad = "UIInterfaceOrientationPortrait UIInterfaceOrientationPortraitUpsideDown UIInterfaceOrientationLandscapeLeft UIInterfaceOrientationLandscapeRight";
				INFOPLIST_KEY_UISupportedInterfaceOrientations_iPhone = "UIInterfaceOrientationPortrait UIInterfaceOrientationLandscapeLeft UIInterfaceOrientationLandscapeRight";
				LD_RUNPATH_SEARCH_PATHS = (
					"$(inherited)",
					"@executable_path/Frameworks",
				);
				MARKETING_VERSION = 1.0;
				PRODUCT_BUNDLE_IDENTIFIER = com.rnw.TabBar;
				PRODUCT_NAME = "$(TARGET_NAME)";
				SWIFT_EMIT_LOC_STRINGS = YES;
				SWIFT_VERSION = 5.0;
				TARGETED_DEVICE_FAMILY = "1,2";
			};
			name = Release;
		};
		B06D7E152971091D000D6A31 /* Debug */ = {
			isa = XCBuildConfiguration;
			buildSettings = {
				ALWAYS_EMBED_SWIFT_STANDARD_LIBRARIES = YES;
				BUNDLE_LOADER = "$(TEST_HOST)";
				CODE_SIGN_STYLE = Automatic;
				CURRENT_PROJECT_VERSION = 1;
				GENERATE_INFOPLIST_FILE = YES;
				IPHONEOS_DEPLOYMENT_TARGET = 16.2;
				MARKETING_VERSION = 1.0;
				PRODUCT_BUNDLE_IDENTIFIER = com.rnw.TabBarTests;
				PRODUCT_NAME = "$(TARGET_NAME)";
				SWIFT_EMIT_LOC_STRINGS = NO;
				SWIFT_VERSION = 5.0;
				TARGETED_DEVICE_FAMILY = "1,2";
				TEST_HOST = "$(BUILT_PRODUCTS_DIR)/TabBar.app/$(BUNDLE_EXECUTABLE_FOLDER_PATH)/TabBar";
			};
			name = Debug;
		};
		B06D7E162971091D000D6A31 /* Release */ = {
			isa = XCBuildConfiguration;
			buildSettings = {
				ALWAYS_EMBED_SWIFT_STANDARD_LIBRARIES = YES;
				BUNDLE_LOADER = "$(TEST_HOST)";
				CODE_SIGN_STYLE = Automatic;
				CURRENT_PROJECT_VERSION = 1;
				GENERATE_INFOPLIST_FILE = YES;
				IPHONEOS_DEPLOYMENT_TARGET = 16.2;
				MARKETING_VERSION = 1.0;
				PRODUCT_BUNDLE_IDENTIFIER = com.rnw.TabBarTests;
				PRODUCT_NAME = "$(TARGET_NAME)";
				SWIFT_EMIT_LOC_STRINGS = NO;
				SWIFT_VERSION = 5.0;
				TARGETED_DEVICE_FAMILY = "1,2";
				TEST_HOST = "$(BUILT_PRODUCTS_DIR)/TabBar.app/$(BUNDLE_EXECUTABLE_FOLDER_PATH)/TabBar";
			};
			name = Release;
		};
		B06D7E182971091D000D6A31 /* Debug */ = {
			isa = XCBuildConfiguration;
			buildSettings = {
				ALWAYS_EMBED_SWIFT_STANDARD_LIBRARIES = YES;
				CODE_SIGN_STYLE = Automatic;
				CURRENT_PROJECT_VERSION = 1;
				GENERATE_INFOPLIST_FILE = YES;
				MARKETING_VERSION = 1.0;
				PRODUCT_BUNDLE_IDENTIFIER = com.rnw.TabBarUITests;
				PRODUCT_NAME = "$(TARGET_NAME)";
				SWIFT_EMIT_LOC_STRINGS = NO;
				SWIFT_VERSION = 5.0;
				TARGETED_DEVICE_FAMILY = "1,2";
				TEST_TARGET_NAME = TabBar;
			};
			name = Debug;
		};
		B06D7E192971091D000D6A31 /* Release */ = {
			isa = XCBuildConfiguration;
			buildSettings = {
				ALWAYS_EMBED_SWIFT_STANDARD_LIBRARIES = YES;
				CODE_SIGN_STYLE = Automatic;
				CURRENT_PROJECT_VERSION = 1;
				GENERATE_INFOPLIST_FILE = YES;
				MARKETING_VERSION = 1.0;
				PRODUCT_BUNDLE_IDENTIFIER = com.rnw.TabBarUITests;
				PRODUCT_NAME = "$(TARGET_NAME)";
				SWIFT_EMIT_LOC_STRINGS = NO;
				SWIFT_VERSION = 5.0;
				TARGETED_DEVICE_FAMILY = "1,2";
				TEST_TARGET_NAME = TabBar;
			};
			name = Release;
		};
/* End XCBuildConfiguration section */

/* Begin XCConfigurationList section */
		B06D7DE22971091C000D6A31 /* Build configuration list for PBXProject "TabBar" */ = {
			isa = XCConfigurationList;
			buildConfigurations = (
				B06D7E0F2971091D000D6A31 /* Debug */,
				B06D7E102971091D000D6A31 /* Release */,
			);
			defaultConfigurationIsVisible = 0;
			defaultConfigurationName = Release;
		};
		B06D7E112971091D000D6A31 /* Build configuration list for PBXNativeTarget "TabBar" */ = {
			isa = XCConfigurationList;
			buildConfigurations = (
				B06D7E122971091D000D6A31 /* Debug */,
				B06D7E132971091D000D6A31 /* Release */,
			);
			defaultConfigurationIsVisible = 0;
			defaultConfigurationName = Release;
		};
		B06D7E142971091D000D6A31 /* Build configuration list for PBXNativeTarget "TabBarTests" */ = {
			isa = XCConfigurationList;
			buildConfigurations = (
				B06D7E152971091D000D6A31 /* Debug */,
				B06D7E162971091D000D6A31 /* Release */,
			);
			defaultConfigurationIsVisible = 0;
			defaultConfigurationName = Release;
		};
		B06D7E172971091D000D6A31 /* Build configuration list for PBXNativeTarget "TabBarUITests" */ = {
			isa = XCConfigurationList;
			buildConfigurations = (
				B06D7E182971091D000D6A31 /* Debug */,
				B06D7E192971091D000D6A31 /* Release */,
			);
			defaultConfigurationIsVisible = 0;
			defaultConfigurationName = Release;
		};
/* End XCConfigurationList section */
	};
	rootObject = B06D7DDF2971091C000D6A31 /* Project object */;
}
